
Microsoft Visual Studio Solution File, Format Version 12.00
Project("{FAE04EC0-301F-11D3-BF4B-00C04F79EFBC}") = "MeetingFinder.Api", "src\MeetingFinder.Api\MeetingFinder.Api.csproj", "{5A9E400D-EAE3-4219-BA34-3D174AD4D5CF}"
EndProject
Project("{FAE04EC0-301F-11D3-BF4B-00C04F79EFBC}") = "MeetingFinder.Tests", "test\MeetingFinder.Tests\MeetingFinder.Tests.csproj", "{FCEE1C9C-E166-4E75-8939-274DF83ACD01}"
EndProject
Global
	GlobalSection(SolutionConfigurationPlatforms) = preSolution
		Debug|Any CPU = Debug|Any CPU
		Release|Any CPU = Release|Any CPU
	EndGlobalSection
	GlobalSection(ProjectConfigurationPlatforms) = postSolution
		{5A9E400D-EAE3-4219-BA34-3D174AD4D5CF}.Debug|Any CPU.ActiveCfg = Debug|Any CPU
		{5A9E400D-EAE3-4219-BA34-3D174AD4D5CF}.Debug|Any CPU.Build.0 = Debug|Any CPU
		{5A9E400D-EAE3-4219-BA34-3D174AD4D5CF}.Release|Any CPU.ActiveCfg = Release|Any CPU
		{5A9E400D-EAE3-4219-BA34-3D174AD4D5CF}.Release|Any CPU.Build.0 = Release|Any CPU
		{FCEE1C9C-E166-4E75-8939-274DF83ACD01}.Debug|Any CPU.ActiveCfg = Debug|Any CPU
		{FCEE1C9C-E166-4E75-8939-274DF83ACD01}.Debug|Any CPU.Build.0 = Debug|Any CPU
		{FCEE1C9C-E166-4E75-8939-274DF83ACD01}.Release|Any CPU.ActiveCfg = Release|Any CPU
		{FCEE1C9C-E166-4E75-8939-274DF83ACD01}.Release|Any CPU.Build.0 = Release|Any CPU
	EndGlobalSection
EndGlobal
